
Microsoft Visual Studio Solution File, Format Version 12.00
# Visual Studio Version 16
VisualStudioVersion = 16.0.30517.126
MinimumVisualStudioVersion = 10.0.40219.1
Project("{FAE04EC0-301F-11D3-BF4B-00C04F79EFBC}") = "ConsoleApp1", "ConsoleApp1\ConsoleApp1.csproj", "{E4FAE843-A257-445D-B0D3-40D7C1B7A433}"
EndProject
Global
	GlobalSection(SolutionConfigurationPlatforms) = preSolution
		Debug|Any CPU = Debug|Any CPU
		Release|Any CPU = Release|Any CPU
	EndGlobalSection
	GlobalSection(ProjectConfigurationPlatforms) = postSolution
		{E4FAE843-A257-445D-B0D3-40D7C1B7A433}.Debug|Any CPU.ActiveCfg = Debug|Any CPU
		{E4FAE843-A257-445D-B0D3-40D7C1B7A433}.Debug|Any CPU.Build.0 = Debug|Any CPU
		{E4FAE843-A257-445D-B0D3-40D7C1B7A433}.Release|Any CPU.ActiveCfg = Release|Any CPU
		{E4FAE843-A257-445D-B0D3-40D7C1B7A433}.Release|Any CPU.Build.0 = Release|Any CPU
	EndGlobalSection
	GlobalSection(SolutionProperties) = preSolution
		HideSolutionNode = FALSE
	EndGlobalSection
	GlobalSection(ExtensibilityGlobals) = postSolution
		SolutionGuid = {78651B1A-8331-46E3-831E-FA2E10D040C5}
	EndGlobalSection
EndGlobal
